
Microsoft Visual Studio Solution File, Format Version 12.00
# Visual Studio Version 17
VisualStudioVersion = 17.14.36705.20 d17.14
MinimumVisualStudioVersion = 10.0.40219.1
Project("{D2ABAB84-BF74-430A-B69E-9DC6D40DDA17}") = "HotelBooking_SSAS", "HotelBooking_SSAS\HotelBooking_SSAS.dwproj", "{74C997E3-67BD-69BA-054F-7C36DD7A18E0}"
EndProject
Global
	GlobalSection(SolutionConfigurationPlatforms) = preSolution
		Development|Default = Development|Default
	EndGlobalSection
	GlobalSection(ProjectConfigurationPlatforms) = postSolution
		{74C997E3-67BD-69BA-054F-7C36DD7A18E0}.Development|Default.ActiveCfg = Development
		{74C997E3-67BD-69BA-054F-7C36DD7A18E0}.Development|Default.Build.0 = Development
		{74C997E3-67BD-69BA-054F-7C36DD7A18E0}.Development|Default.Deploy.0 = Development
	EndGlobalSection
	GlobalSection(SolutionProperties) = preSolution
		HideSolutionNode = FALSE
	EndGlobalSection
	GlobalSection(ExtensibilityGlobals) = postSolution
		SolutionGuid = {4E2C15ED-3BD4-492B-9E7C-89B024C6F617}
	EndGlobalSection
EndGlobal
